
Microsoft Visual Studio Solution File, Format Version 12.00
# Visual Studio Version 17
VisualStudioVersion = 17.11.35222.181
MinimumVisualStudioVersion = 10.0.40219.1
Project("{9A19103F-16F7-4668-BE54-9A1E7A4F7556}") = "ChessInTheParkToPGN", "ChessInTheParkToPGN\ChessInTheParkToPGN.csproj", "{BC5F4255-8696-46D7-94B8-5565869942BA}"
EndProject
Project("{9A19103F-16F7-4668-BE54-9A1E7A4F7556}") = "Tests", "Tests\Tests.csproj", "{B2DABC30-18D5-430E-A164-3EA44A94024B}"
EndProject
Global
	GlobalSection(SolutionConfigurationPlatforms) = preSolution
		Debug|Any CPU = Debug|Any CPU
		Release|Any CPU = Release|Any CPU
	EndGlobalSection
	GlobalSection(ProjectConfigurationPlatforms) = postSolution
		{BC5F4255-8696-46D7-94B8-5565869942BA}.Debug|Any CPU.ActiveCfg = Debug|Any CPU
		{BC5F4255-8696-46D7-94B8-5565869942BA}.Debug|Any CPU.Build.0 = Debug|Any CPU
		{BC5F4255-8696-46D7-94B8-5565869942BA}.Release|Any CPU.ActiveCfg = Release|Any CPU
		{BC5F4255-8696-46D7-94B8-5565869942BA}.Release|Any CPU.Build.0 = Release|Any CPU
		{B2DABC30-18D5-430E-A164-3EA44A94024B}.Debug|Any CPU.ActiveCfg = Debug|Any CPU
		{B2DABC30-18D5-430E-A164-3EA44A94024B}.Debug|Any CPU.Build.0 = Debug|Any CPU
		{B2DABC30-18D5-430E-A164-3EA44A94024B}.Release|Any CPU.ActiveCfg = Release|Any CPU
		{B2DABC30-18D5-430E-A164-3EA44A94024B}.Release|Any CPU.Build.0 = Release|Any CPU
	EndGlobalSection
	GlobalSection(SolutionProperties) = preSolution
		HideSolutionNode = FALSE
	EndGlobalSection
	GlobalSection(ExtensibilityGlobals) = postSolution
		SolutionGuid = {4817E5D7-A940-4784-9A44-B081F026E79B}
	EndGlobalSection
EndGlobal
